
Microsoft Visual Studio Solution File, Format Version 12.00
# Visual Studio 15
VisualStudioVersion = 15.0.28307.960
MinimumVisualStudioVersion = 10.0.40219.1
Project("{FAE04EC0-301F-11D3-BF4B-00C04F79EFBC}") = "TemplateExpander", "TemplateExpander\TemplateExpander.csproj", "{67DC63B6-BA12-4B2D-AD49-7A8BE2C7C8BE}"
EndProject
Global
	GlobalSection(SubversionScc) = preSolution
		Svn-Managed = True
		Manager = AnkhSVN - Subversion Support for Visual Studio
	EndGlobalSection
	GlobalSection(SolutionConfigurationPlatforms) = preSolution
		Debug|Any CPU = Debug|Any CPU
		Release|Any CPU = Release|Any CPU
	EndGlobalSection
	GlobalSection(ProjectConfigurationPlatforms) = postSolution
		{67DC63B6-BA12-4B2D-AD49-7A8BE2C7C8BE}.Debug|Any CPU.ActiveCfg = Debug|Any CPU
		{67DC63B6-BA12-4B2D-AD49-7A8BE2C7C8BE}.Debug|Any CPU.Build.0 = Debug|Any CPU
		{67DC63B6-BA12-4B2D-AD49-7A8BE2C7C8BE}.Release|Any CPU.ActiveCfg = Release|Any CPU
		{67DC63B6-BA12-4B2D-AD49-7A8BE2C7C8BE}.Release|Any CPU.Build.0 = Release|Any CPU
	EndGlobalSection
	GlobalSection(SolutionProperties) = preSolution
		HideSolutionNode = FALSE
	EndGlobalSection
	GlobalSection(ExtensibilityGlobals) = postSolution
		SolutionGuid = {5929E145-3313-43DB-A411-D7A92D02A12B}
	EndGlobalSection
EndGlobal
